// !$*UTF8*$!
{
	archiveVersion = 1;
	classes = {
	};
	objectVersion = 55;
	objects = {

/* Begin PBXBuildFile section */
		68329DD6282F32E600F628E4 /* AppDelegate.swift in Sources */ = {isa = PBXBuildFile; fileRef = 68329DD5282F32E600F628E4 /* AppDelegate.swift */; };
		68329DD8282F32E600F628E4 /* SceneDelegate.swift in Sources */ = {isa = PBXBuildFile; fileRef = 68329DD7282F32E600F628E4 /* SceneDelegate.swift */; };
		68329DDA282F32E600F628E4 /* ShoppingViewController.swift in Sources */ = {isa = PBXBuildFile; fileRef = 68329DD9282F32E600F628E4 /* ShoppingViewController.swift */; };
		68329DDD282F32E600F628E4 /* Main.storyboard in Resources */ = {isa = PBXBuildFile; fileRef = 68329DDB282F32E600F628E4 /* Main.storyboard */; };
		68329DDF282F32E700F628E4 /* Assets.xcassets in Resources */ = {isa = PBXBuildFile; fileRef = 68329DDE282F32E700F628E4 /* Assets.xcassets */; };
		68329DE2282F32E700F628E4 /* LaunchScreen.storyboard in Resources */ = {isa = PBXBuildFile; fileRef = 68329DE0282F32E700F628E4 /* LaunchScreen.storyboard */; };
		68329DED282F32E700F628E4 /* comprasUSATests.swift in Sources */ = {isa = PBXBuildFile; fileRef = 68329DEC282F32E700F628E4 /* comprasUSATests.swift */; };
		68329DF7282F32E700F628E4 /* comprasUSAUITests.swift in Sources */ = {isa = PBXBuildFile; fileRef = 68329DF6282F32E700F628E4 /* comprasUSAUITests.swift */; };
		68329DF9282F32E700F628E4 /* comprasUSAUITestsLaunchTests.swift in Sources */ = {isa = PBXBuildFile; fileRef = 68329DF8282F32E700F628E4 /* comprasUSAUITestsLaunchTests.swift */; };
		68329E06282FE7F000F628E4 /* SettingsViewController.swift in Sources */ = {isa = PBXBuildFile; fileRef = 68329E05282FE7F000F628E4 /* SettingsViewController.swift */; };
		68329E08282FE81100F628E4 /* TaxesViewController.swift in Sources */ = {isa = PBXBuildFile; fileRef = 68329E07282FE81100F628E4 /* TaxesViewController.swift */; };
		68329E0C283060E200F628E4 /* TaxesCalculated.swift in Sources */ = {isa = PBXBuildFile; fileRef = 68329E0B283060E200F628E4 /* TaxesCalculated.swift */; };
		68329E0E2830658200F628E4 /* UIViewController + TaxesCalculated.swift in Sources */ = {isa = PBXBuildFile; fileRef = 68329E0D2830658100F628E4 /* UIViewController + TaxesCalculated.swift */; };
/* End PBXBuildFile section */

/* Begin PBXContainerItemProxy section */
		68329DE9282F32E700F628E4 /* PBXContainerItemProxy */ = {
			isa = PBXContainerItemProxy;
			containerPortal = 68329DCA282F32E600F628E4 /* Project object */;
			proxyType = 1;
			remoteGlobalIDString = 68329DD1282F32E600F628E4;
			remoteInfo = comprasUSA;
		};
		68329DF3282F32E700F628E4 /* PBXContainerItemProxy */ = {
			isa = PBXContainerItemProxy;
			containerPortal = 68329DCA282F32E600F628E4 /* Project object */;
			proxyType = 1;
			remoteGlobalIDString = 68329DD1282F32E600F628E4;
			remoteInfo = comprasUSA;
		};
/* End PBXContainerItemProxy section */

/* Begin PBXFileReference section */
		68329DD2282F32E600F628E4 /* comprasUSA.app */ = {isa = PBXFileReference; explicitFileType = wrapper.application; includeInIndex = 0; path = comprasUSA.app; sourceTree = BUILT_PRODUCTS_DIR; };
		68329DD5282F32E600F628E4 /* AppDelegate.swift */ = {isa = PBXFileReference; lastKnownFileType = sourcecode.swift; path = AppDelegate.swift; sourceTree = "<group>"; };
		68329DD7282F32E600F628E4 /* SceneDelegate.swift */ = {isa = PBXFileReference; lastKnownFileType = sourcecode.swift; path = SceneDelegate.swift; sourceTree = "<group>"; };
		68329DD9282F32E600F628E4 /* ShoppingViewController.swift */ = {isa = PBXFileReference; lastKnownFileType = sourcecode.swift; path = ShoppingViewController.swift; sourceTree = "<group>"; };
		68329DDC282F32E600F628E4 /* Base */ = {isa = PBXFileReference; lastKnownFileType = file.storyboard; name = Base; path = Base.lproj/Main.storyboard; sourceTree = "<group>"; };
		68329DDE282F32E700F628E4 /* Assets.xcassets */ = {isa = PBXFileReference; lastKnownFileType = folder.assetcatalog; path = Assets.xcassets; sourceTree = "<group>"; };
		68329DE1282F32E700F628E4 /* Base */ = {isa = PBXFileReference; lastKnownFileType = file.storyboard; name = Base; path = Base.lproj/LaunchScreen.storyboard; sourceTree = "<group>"; };
		68329DE3282F32E700F628E4 /* Info.plist */ = {isa = PBXFileReference; lastKnownFileType = text.plist.xml; path = Info.plist; sourceTree = "<group>"; };
		68329DE8282F32E700F628E4 /* comprasUSATests.xctest */ = {isa = PBXFileReference; explicitFileType = wrapper.cfbundle; includeInIndex = 0; path = comprasUSATests.xctest; sourceTree = BUILT_PRODUCTS_DIR; };
		68329DEC282F32E700F628E4 /* comprasUSATests.swift */ = {isa = PBXFileReference; lastKnownFileType = sourcecode.swift; path = comprasUSATests.swift; sourceTree = "<group>"; };
		68329DF2282F32E700F628E4 /* comprasUSAUITests.xctest */ = {isa = PBXFileReference; explicitFileType = wrapper.cfbundle; includeInIndex = 0; path = comprasUSAUITests.xctest; sourceTree = BUILT_PRODUCTS_DIR; };
		68329DF6282F32E700F628E4 /* comprasUSAUITests.swift */ = {isa = PBXFileReference; lastKnownFileType = sourcecode.swift; path = comprasUSAUITests.swift; sourceTree = "<group>"; };
		68329DF8282F32E700F628E4 /* comprasUSAUITestsLaunchTests.swift */ = {isa = PBXFileReference; lastKnownFileType = sourcecode.swift; path = comprasUSAUITestsLaunchTests.swift; sourceTree = "<group>"; };
		68329E05282FE7F000F628E4 /* SettingsViewController.swift */ = {isa = PBXFileReference; lastKnownFileType = sourcecode.swift; path = SettingsViewController.swift; sourceTree = "<group>"; };
		68329E07282FE81100F628E4 /* TaxesViewController.swift */ = {isa = PBXFileReference; lastKnownFileType = sourcecode.swift; path = TaxesViewController.swift; sourceTree = "<group>"; };
		68329E0B283060E200F628E4 /* TaxesCalculated.swift */ = {isa = PBXFileReference; lastKnownFileType = sourcecode.swift; path = TaxesCalculated.swift; sourceTree = "<group>"; };
		68329E0D2830658100F628E4 /* UIViewController + TaxesCalculated.swift */ = {isa = PBXFileReference; lastKnownFileType = sourcecode.swift; path = "UIViewController + TaxesCalculated.swift"; sourceTree = "<group>"; };
/* End PBXFileReference section */

/* Begin PBXFrameworksBuildPhase section */
		68329DCF282F32E600F628E4 /* Frameworks */ = {
			isa = PBXFrameworksBuildPhase;
			buildActionMask = 2147483647;
			files = (
			);
			runOnlyForDeploymentPostprocessing = 0;
		};
		68329DE5282F32E700F628E4 /* Frameworks */ = {
			isa = PBXFrameworksBuildPhase;
			buildActionMask = 2147483647;
			files = (
			);
			runOnlyForDeploymentPostprocessing = 0;
		};
		68329DEF282F32E700F628E4 /* Frameworks */ = {
			isa = PBXFrameworksBuildPhase;
			buildActionMask = 2147483647;
			files = (
			);
			runOnlyForDeploymentPostprocessing = 0;
		};
/* End PBXFrameworksBuildPhase section */

/* Begin PBXGroup section */
		68329DC9282F32E600F628E4 = {
			isa = PBXGroup;
			children = (
				68329DD4282F32E600F628E4 /* comprasUSA */,
				68329DEB282F32E700F628E4 /* comprasUSATests */,
				68329DF5282F32E700F628E4 /* comprasUSAUITests */,
				68329DD3282F32E600F628E4 /* Products */,
			);
			sourceTree = "<group>";
		};
		68329DD3282F32E600F628E4 /* Products */ = {
			isa = PBXGroup;
			children = (
				68329DD2282F32E600F628E4 /* comprasUSA.app */,
				68329DE8282F32E700F628E4 /* comprasUSATests.xctest */,
				68329DF2282F32E700F628E4 /* comprasUSAUITests.xctest */,
			);
			name = Products;
			sourceTree = "<group>";
		};
		68329DD4282F32E600F628E4 /* comprasUSA */ = {
			isa = PBXGroup;
			children = (
				68329DD5282F32E600F628E4 /* AppDelegate.swift */,
				68329DD7282F32E600F628E4 /* SceneDelegate.swift */,
				68329DD9282F32E600F628E4 /* ShoppingViewController.swift */,
				68329E05282FE7F000F628E4 /* SettingsViewController.swift */,
				68329E07282FE81100F628E4 /* TaxesViewController.swift */,
				68329DDB282F32E600F628E4 /* Main.storyboard */,
				68329DDE282F32E700F628E4 /* Assets.xcassets */,
				68329DE0282F32E700F628E4 /* LaunchScreen.storyboard */,
				68329DE3282F32E700F628E4 /* Info.plist */,
				68329E0B283060E200F628E4 /* TaxesCalculated.swift */,
				68329E0D2830658100F628E4 /* UIViewController + TaxesCalculated.swift */,
			);
			path = comprasUSA;
			sourceTree = "<group>";
		};
		68329DEB282F32E700F628E4 /* comprasUSATests */ = {
			isa = PBXGroup;
			children = (
				68329DEC282F32E700F628E4 /* comprasUSATests.swift */,
			);
			path = comprasUSATests;
			sourceTree = "<group>";
		};
		68329DF5282F32E700F628E4 /* comprasUSAUITests */ = {
			isa = PBXGroup;
			children = (
				68329DF6282F32E700F628E4 /* comprasUSAUITests.swift */,
				68329DF8282F32E700F628E4 /* comprasUSAUITestsLaunchTests.swift */,
			);
			path = comprasUSAUITests;
			sourceTree = "<group>";
		};
/* End PBXGroup section */

/* Begin PBXNativeTarget section */
		68329DD1282F32E600F628E4 /* comprasUSA */ = {
			isa = PBXNativeTarget;
			buildConfigurationList = 68329DFC282F32E700F628E4 /* Build configuration list for PBXNativeTarget "comprasUSA" */;
			buildPhases = (
				68329DCE282F32E600F628E4 /* Sources */,
				68329DCF282F32E600F628E4 /* Frameworks */,
				68329DD0282F32E600F628E4 /* Resources */,
			);
			buildRules = (
			);
			dependencies = (
			);
			name = comprasUSA;
			productName = comprasUSA;
			productReference = 68329DD2282F32E600F628E4 /* comprasUSA.app */;
			productType = "com.apple.product-type.application";
		};
		68329DE7282F32E700F628E4 /* comprasUSATests */ = {
			isa = PBXNativeTarget;
			buildConfigurationList = 68329DFF282F32E700F628E4 /* Build configuration list for PBXNativeTarget "comprasUSATests" */;
			buildPhases = (
				68329DE4282F32E700F628E4 /* Sources */,
				68329DE5282F32E700F628E4 /* Frameworks */,
				68329DE6282F32E700F628E4 /* Resources */,
			);
			buildRules = (
			);
			dependencies = (
				68329DEA282F32E700F628E4 /* PBXTargetDependency */,
			);
			name = comprasUSATests;
			productName = comprasUSATests;
			productReference = 68329DE8282F32E700F628E4 /* comprasUSATests.xctest */;
			productType = "com.apple.product-type.bundle.unit-test";
		};
		68329DF1282F32E700F628E4 /* comprasUSAUITests */ = {
			isa = PBXNativeTarget;
			buildConfigurationList = 68329E02282F32E700F628E4 /* Build configuration list for PBXNativeTarget "comprasUSAUITests" */;
			buildPhases = (
				68329DEE282F32E700F628E4 /* Sources */,
				68329DEF282F32E700F628E4 /* Frameworks */,
				68329DF0282F32E700F628E4 /* Resources */,
			);
			buildRules = (
			);
			dependencies = (
				68329DF4282F32E700F628E4 /* PBXTargetDependency */,
			);
			name = comprasUSAUITests;
			productName = comprasUSAUITests;
			productReference = 68329DF2282F32E700F628E4 /* comprasUSAUITests.xctest */;
			productType = "com.apple.product-type.bundle.ui-testing";
		};
/* End PBXNativeTarget section */

/* Begin PBXProject section */
		68329DCA282F32E600F628E4 /* Project object */ = {
			isa = PBXProject;
			attributes = {
				BuildIndependentTargetsInParallel = 1;
				LastSwiftUpdateCheck = 1310;
				LastUpgradeCheck = 1310;
				TargetAttributes = {
					68329DD1282F32E600F628E4 = {
						CreatedOnToolsVersion = 13.1;
					};
					68329DE7282F32E700F628E4 = {
						CreatedOnToolsVersion = 13.1;
						TestTargetID = 68329DD1282F32E600F628E4;
					};
					68329DF1282F32E700F628E4 = {
						CreatedOnToolsVersion = 13.1;
						TestTargetID = 68329DD1282F32E600F628E4;
					};
				};
			};
			buildConfigurationList = 68329DCD282F32E600F628E4 /* Build configuration list for PBXProject "comprasUSA" */;
			compatibilityVersion = "Xcode 13.0";
			developmentRegion = en;
			hasScannedForEncodings = 0;
			knownRegions = (
				en,
				Base,
			);
			mainGroup = 68329DC9282F32E600F628E4;
			productRefGroup = 68329DD3282F32E600F628E4 /* Products */;
			projectDirPath = "";
			projectRoot = "";
			targets = (
				68329DD1282F32E600F628E4 /* comprasUSA */,
				68329DE7282F32E700F628E4 /* comprasUSATests */,
				68329DF1282F32E700F628E4 /* comprasUSAUITests */,
			);
		};
/* End PBXProject section */

/* Begin PBXResourcesBuildPhase section */
		68329DD0282F32E600F628E4 /* Resources */ = {
			isa = PBXResourcesBuildPhase;
			buildActionMask = 2147483647;
			files = (
				68329DE2282F32E700F628E4 /* LaunchScreen.storyboard in Resources */,
				68329DDF282F32E700F628E4 /* Assets.xcassets in Resources */,
				68329DDD282F32E600F628E4 /* Main.storyboard in Resources */,
			);
			runOnlyForDeploymentPostprocessing = 0;
		};
		68329DE6282F32E700F628E4 /* Resources */ = {
			isa = PBXResourcesBuildPhase;
			buildActionMask = 2147483647;
			files = (
			);
			runOnlyForDeploymentPostprocessing = 0;
		};
		68329DF0282F32E700F628E4 /* Resources */ = {
			isa = PBXResourcesBuildPhase;
			buildActionMask = 2147483647;
			files = (
			);
			runOnlyForDeploymentPostprocessing = 0;
		};
/* End PBXResourcesBuildPhase section */

/* Begin PBXSourcesBuildPhase section */
		68329DCE282F32E600F628E4 /* Sources */ = {
			isa = PBXSourcesBuildPhase;
			buildActionMask = 2147483647;
			files = (
				68329DDA282F32E600F628E4 /* ShoppingViewController.swift in Sources */,
				68329E0E2830658200F628E4 /* UIViewController + TaxesCalculated.swift in Sources */,
				68329DD6282F32E600F628E4 /* AppDelegate.swift in Sources */,
				68329E08282FE81100F628E4 /* TaxesViewController.swift in Sources */,
				68329DD8282F32E600F628E4 /* SceneDelegate.swift in Sources */,
				68329E06282FE7F000F628E4 /* SettingsViewController.swift in Sources */,
				68329E0C283060E200F628E4 /* TaxesCalculated.swift in Sources */,
			);
			runOnlyForDeploymentPostprocessing = 0;
		};
		68329DE4282F32E700F628E4 /* Sources */ = {
			isa = PBXSourcesBuildPhase;
			buildActionMask = 2147483647;
			files = (
				68329DED282F32E700F628E4 /* comprasUSATests.swift in Sources */,
			);
			runOnlyForDeploymentPostprocessing = 0;
		};
		68329DEE282F32E700F628E4 /* Sources */ = {
			isa = PBXSourcesBuildPhase;
			buildActionMask = 2147483647;
			files = (
				68329DF9282F32E700F628E4 /* comprasUSAUITestsLaunchTests.swift in Sources */,
				68329DF7282F32E700F628E4 /* comprasUSAUITests.swift in Sources */,
			);
			runOnlyForDeploymentPostprocessing = 0;
		};
/* End PBXSourcesBuildPhase section */

/* Begin PBXTargetDependency section */
		68329DEA282F32E700F628E4 /* PBXTargetDependency */ = {
			isa = PBXTargetDependency;
			target = 68329DD1282F32E600F628E4 /* comprasUSA */;
			targetProxy = 68329DE9282F32E700F628E4 /* PBXContainerItemProxy */;
		};
		68329DF4282F32E700F628E4 /* PBXTargetDependency */ = {
			isa = PBXTargetDependency;
			target = 68329DD1282F32E600F628E4 /* comprasUSA */;
			targetProxy = 68329DF3282F32E700F628E4 /* PBXContainerItemProxy */;
		};
/* End PBXTargetDependency section */

/* Begin PBXVariantGroup section */
		68329DDB282F32E600F628E4 /* Main.storyboard */ = {
			isa = PBXVariantGroup;
			children = (
				68329DDC282F32E600F628E4 /* Base */,
			);
			name = Main.storyboard;
			sourceTree = "<group>";
		};
		68329DE0282F32E700F628E4 /* LaunchScreen.storyboard */ = {
			isa = PBXVariantGroup;
			children = (
				68329DE1282F32E700F628E4 /* Base */,
			);
			name = LaunchScreen.storyboard;
			sourceTree = "<group>";
		};
/* End PBXVariantGroup section */

/* Begin XCBuildConfiguration section */
		68329DFA282F32E700F628E4 /* Debug */ = {
			isa = XCBuildConfiguration;
			buildSettings = {
				ALWAYS_SEARCH_USER_PATHS = NO;
				CLANG_ANALYZER_NONNULL = YES;
				CLANG_ANALYZER_NUMBER_OBJECT_CONVERSION = YES_AGGRESSIVE;
				CLANG_CXX_LANGUAGE_STANDARD = "gnu++17";
				CLANG_CXX_LIBRARY = "libc++";
				CLANG_ENABLE_MODULES = YES;
				CLANG_ENABLE_OBJC_ARC = YES;
				CLANG_ENABLE_OBJC_WEAK = YES;
				CLANG_WARN_BLOCK_CAPTURE_AUTORELEASING = YES;
				CLANG_WARN_BOOL_CONVERSION = YES;
				CLANG_WARN_COMMA = YES;
				CLANG_WARN_CONSTANT_CONVERSION = YES;
				CLANG_WARN_DEPRECATED_OBJC_IMPLEMENTATIONS = YES;
				CLANG_WARN_DIRECT_OBJC_ISA_USAGE = YES_ERROR;
				CLANG_WARN_DOCUMENTATION_COMMENTS = YES;
				CLANG_WARN_EMPTY_BODY = YES;
				CLANG_WARN_ENUM_CONVERSION = YES;
				CLANG_WARN_INFINITE_RECURSION = YES;
				CLANG_WARN_INT_CONVERSION = YES;
				CLANG_WARN_NON_LITERAL_NULL_CONVERSION = YES;
				CLANG_WARN_OBJC_IMPLICIT_RETAIN_SELF = YES;
				CLANG_WARN_OBJC_LITERAL_CONVERSION = YES;
				CLANG_WARN_OBJC_ROOT_CLASS = YES_ERROR;
				CLANG_WARN_QUOTED_INCLUDE_IN_FRAMEWORK_HEADER = YES;
				CLANG_WARN_RANGE_LOOP_ANALYSIS = YES;
				CLANG_WARN_STRICT_PROTOTYPES = YES;
				CLANG_WARN_SUSPICIOUS_MOVE = YES;
				CLANG_WARN_UNGUARDED_AVAILABILITY = YES_AGGRESSIVE;
				CLANG_WARN_UNREACHABLE_CODE = YES;
				CLANG_WARN__DUPLICATE_METHOD_MATCH = YES;
				COPY_PHASE_STRIP = NO;
				DEBUG_INFORMATION_FORMAT = dwarf;
				ENABLE_STRICT_OBJC_MSGSEND = YES;
				ENABLE_TESTABILITY = YES;
				GCC_C_LANGUAGE_STANDARD = gnu11;
				GCC_DYNAMIC_NO_PIC = NO;
				GCC_NO_COMMON_BLOCKS = YES;
				GCC_OPTIMIZATION_LEVEL = 0;
				GCC_PREPROCESSOR_DEFINITIONS = (
					"DEBUG=1",
					"$(inherited)",
				);
				GCC_WARN_64_TO_32_BIT_CONVERSION = YES;
				GCC_WARN_ABOUT_RETURN_TYPE = YES_ERROR;
				GCC_WARN_UNDECLARED_SELECTOR = YES;
				GCC_WARN_UNINITIALIZED_AUTOS = YES_AGGRESSIVE;
				GCC_WARN_UNUSED_FUNCTION = YES;
				GCC_WARN_UNUSED_VARIABLE = YES;
				IPHONEOS_DEPLOYMENT_TARGET = 15.0;
				MTL_ENABLE_DEBUG_INFO = INCLUDE_SOURCE;
				MTL_FAST_MATH = YES;
				ONLY_ACTIVE_ARCH = YES;
				SDKROOT = iphoneos;
				SWIFT_ACTIVE_COMPILATION_CONDITIONS = DEBUG;
				SWIFT_OPTIMIZATION_LEVEL = "-Onone";
			};
			name = Debug;
		};
		68329DFB282F32E700F628E4 /* Release */ = {
			isa = XCBuildConfiguration;
			buildSettings = {
				ALWAYS_SEARCH_USER_PATHS = NO;
				CLANG_ANALYZER_NONNULL = YES;
				CLANG_ANALYZER_NUMBER_OBJECT_CONVERSION = YES_AGGRESSIVE;
				CLANG_CXX_LANGUAGE_STANDARD = "gnu++17";
				CLANG_CXX_LIBRARY = "libc++";
				CLANG_ENABLE_MODULES = YES;
				CLANG_ENABLE_OBJC_ARC = YES;
				CLANG_ENABLE_OBJC_WEAK = YES;
				CLANG_WARN_BLOCK_CAPTURE_AUTORELEASING = YES;
				CLANG_WARN_BOOL_CONVERSION = YES;
				CLANG_WARN_COMMA = YES;
				CLANG_WARN_CONSTANT_CONVERSION = YES;
				CLANG_WARN_DEPRECATED_OBJC_IMPLEMENTATIONS = YES;
				CLANG_WARN_DIRECT_OBJC_ISA_USAGE = YES_ERROR;
				CLANG_WARN_DOCUMENTATION_COMMENTS = YES;
				CLANG_WARN_EMPTY_BODY = YES;
				CLANG_WARN_ENUM_CONVERSION = YES;
				CLANG_WARN_INFINITE_RECURSION = YES;
				CLANG_WARN_INT_CONVERSION = YES;
				CLANG_WARN_NON_LITERAL_NULL_CONVERSION = YES;
				CLANG_WARN_OBJC_IMPLICIT_RETAIN_SELF = YES;
				CLANG_WARN_OBJC_LITERAL_CONVERSION = YES;
				CLANG_WARN_OBJC_ROOT_CLASS = YES_ERROR;
				CLANG_WARN_QUOTED_INCLUDE_IN_FRAMEWORK_HEADER = YES;
				CLANG_WARN_RANGE_LOOP_ANALYSIS = YES;
				CLANG_WARN_STRICT_PROTOTYPES = YES;
				CLANG_WARN_SUSPICIOUS_MOVE = YES;
				CLANG_WARN_UNGUARDED_AVAILABILITY = YES_AGGRESSIVE;
				CLANG_WARN_UNREACHABLE_CODE = YES;
				CLANG_WARN__DUPLICATE_METHOD_MATCH = YES;
				COPY_PHASE_STRIP = NO;
				DEBUG_INFORMATION_FORMAT = "dwarf-with-dsym";
				ENABLE_NS_ASSERTIONS = NO;
				ENABLE_STRICT_OBJC_MSGSEND = YES;
				GCC_C_LANGUAGE_STANDARD = gnu11;
				GCC_NO_COMMON_BLOCKS = YES;
				GCC_WARN_64_TO_32_BIT_CONVERSION = YES;
				GCC_WARN_ABOUT_RETURN_TYPE = YES_ERROR;
				GCC_WARN_UNDECLARED_SELECTOR = YES;
				GCC_WARN_UNINITIALIZED_AUTOS = YES_AGGRESSIVE;
				GCC_WARN_UNUSED_FUNCTION = YES;
				GCC_WARN_UNUSED_VARIABLE = YES;
				IPHONEOS_DEPLOYMENT_TARGET = 15.0;
				MTL_ENABLE_DEBUG_INFO = NO;
				MTL_FAST_MATH = YES;
				SDKROOT = iphoneos;
				SWIFT_COMPILATION_MODE = wholemodule;
				SWIFT_OPTIMIZATION_LEVEL = "-O";
				VALIDATE_PRODUCT = YES;
			};
			name = Release;
		};
		68329DFD282F32E700F628E4 /* Debug */ = {
			isa = XCBuildConfiguration;
			buildSettings = {
				ASSETCATALOG_COMPILER_APPICON_NAME = AppIcon;
				ASSETCATALOG_COMPILER_GLOBAL_ACCENT_COLOR_NAME = AccentColor;
				CODE_SIGN_STYLE = Automatic;
				CURRENT_PROJECT_VERSION = 1;
				DEVELOPMENT_TEAM = 732277KLEB;
				GENERATE_INFOPLIST_FILE = YES;
				INFOPLIST_FILE = comprasUSA/Info.plist;
				INFOPLIST_KEY_UIApplicationSupportsIndirectInputEvents = YES;
				INFOPLIST_KEY_UILaunchStoryboardName = LaunchScreen;
				INFOPLIST_KEY_UIMainStoryboardFile = Main;
				INFOPLIST_KEY_UISupportedInterfaceOrientations_iPad = "UIInterfaceOrientationPortrait UIInterfaceOrientationPortraitUpsideDown UIInterfaceOrientationLandscapeLeft UIInterfaceOrientationLandscapeRight";
				INFOPLIST_KEY_UISupportedInterfaceOrientations_iPhone = "UIInterfaceOrientationPortrait UIInterfaceOrientationLandscapeLeft UIInterfaceOrientationLandscapeRight";
				LD_RUNPATH_SEARCH_PATHS = (
					"$(inherited)",
					"@executable_path/Frameworks",
				);
				MARKETING_VERSION = 1.0;
				PRODUCT_BUNDLE_IDENTIFIER = br.com.michellicristina.comprasUSA;
				PRODUCT_NAME = "$(TARGET_NAME)";
				SWIFT_EMIT_LOC_STRINGS = YES;
				SWIFT_VERSION = 5.0;
				TARGETED_DEVICE_FAMILY = "1,2";
			};
			name = Debug;
		};
		68329DFE282F32E700F628E4 /* Release */ = {
			isa = XCBuildConfiguration;
			buildSettings = {
				ASSETCATALOG_COMPILER_APPICON_NAME = AppIcon;
				ASSETCATALOG_COMPILER_GLOBAL_ACCENT_COLOR_NAME = AccentColor;
				CODE_SIGN_STYLE = Automatic;
				CURRENT_PROJECT_VERSION = 1;
				DEVELOPMENT_TEAM = 732277KLEB;
				GENERATE_INFOPLIST_FILE = YES;
				INFOPLIST_FILE = comprasUSA/Info.plist;
				INFOPLIST_KEY_UIApplicationSupportsIndirectInputEvents = YES;
				INFOPLIST_KEY_UILaunchStoryboardName = LaunchScreen;
				INFOPLIST_KEY_UIMainStoryboardFile = Main;
				INFOPLIST_KEY_UISupportedInterfaceOrientations_iPad = "UIInterfaceOrientationPortrait UIInterfaceOrientationPortraitUpsideDown UIInterfaceOrientationLandscapeLeft UIInterfaceOrientationLandscapeRight";
				INFOPLIST_KEY_UISupportedInterfaceOrientations_iPhone = "UIInterfaceOrientationPortrait UIInterfaceOrientationLandscapeLeft UIInterfaceOrientationLandscapeRight";
				LD_RUNPATH_SEARCH_PATHS = (
					"$(inherited)",
					"@executable_path/Frameworks",
				);
				MARKETING_VERSION = 1.0;
				PRODUCT_BUNDLE_IDENTIFIER = br.com.michellicristina.comprasUSA;
				PRODUCT_NAME = "$(TARGET_NAME)";
				SWIFT_EMIT_LOC_STRINGS = YES;
				SWIFT_VERSION = 5.0;
				TARGETED_DEVICE_FAMILY = "1,2";
			};
			name = Release;
		};
		68329E00282F32E700F628E4 /* Debug */ = {
			isa = XCBuildConfiguration;
			buildSettings = {
				ALWAYS_EMBED_SWIFT_STANDARD_LIBRARIES = YES;
				BUNDLE_LOADER = "$(TEST_HOST)";
				CODE_SIGN_STYLE = Automatic;
				CURRENT_PROJECT_VERSION = 1;
				DEVELOPMENT_TEAM = 732277KLEB;
				GENERATE_INFOPLIST_FILE = YES;
				IPHONEOS_DEPLOYMENT_TARGET = 15.0;
				LD_RUNPATH_SEARCH_PATHS = (
					"$(inherited)",
					"@executable_path/Frameworks",
					"@loader_path/Frameworks",
				);
				MARKETING_VERSION = 1.0;
				PRODUCT_BUNDLE_IDENTIFIER = br.com.michellicristina.comprasUSATests;
				PRODUCT_NAME = "$(TARGET_NAME)";
				SWIFT_EMIT_LOC_STRINGS = NO;
				SWIFT_VERSION = 5.0;
				TARGETED_DEVICE_FAMILY = "1,2";
				TEST_HOST = "$(BUILT_PRODUCTS_DIR)/comprasUSA.app/comprasUSA";
			};
			name = Debug;
		};
		68329E01282F32E700F628E4 /* Release */ = {
			isa = XCBuildConfiguration;
			buildSettings = {
				ALWAYS_EMBED_SWIFT_STANDARD_LIBRARIES = YES;
				BUNDLE_LOADER = "$(TEST_HOST)";
				CODE_SIGN_STYLE = Automatic;
				CURRENT_PROJECT_VERSION = 1;
				DEVELOPMENT_TEAM = 732277KLEB;
				GENERATE_INFOPLIST_FILE = YES;
				IPHONEOS_DEPLOYMENT_TARGET = 15.0;
				LD_RUNPATH_SEARCH_PATHS = (
					"$(inherited)",
					"@executable_path/Frameworks",
					"@loader_path/Frameworks",
				);
				MARKETING_VERSION = 1.0;
				PRODUCT_BUNDLE_IDENTIFIER = br.com.michellicristina.comprasUSATests;
				PRODUCT_NAME = "$(TARGET_NAME)";
				SWIFT_EMIT_LOC_STRINGS = NO;
				SWIFT_VERSION = 5.0;
				TARGETED_DEVICE_FAMILY = "1,2";
				TEST_HOST = "$(BUILT_PRODUCTS_DIR)/comprasUSA.app/comprasUSA";
			};
			name = Release;
		};
		68329E03282F32E700F628E4 /* Debug */ = {
			isa = XCBuildConfiguration;
			buildSettings = {
				ALWAYS_EMBED_SWIFT_STANDARD_LIBRARIES = YES;
				CODE_SIGN_STYLE = Automatic;
				CURRENT_PROJECT_VERSION = 1;
				DEVELOPMENT_TEAM = 732277KLEB;
				GENERATE_INFOPLIST_FILE = YES;
				LD_RUNPATH_SEARCH_PATHS = (
					"$(inherited)",
					"@executable_path/Frameworks",
					"@loader_path/Frameworks",
				);
				MARKETING_VERSION = 1.0;
				PRODUCT_BUNDLE_IDENTIFIER = br.com.michellicristina.comprasUSAUITests;
				PRODUCT_NAME = "$(TARGET_NAME)";
				SWIFT_EMIT_LOC_STRINGS = NO;
				SWIFT_VERSION = 5.0;
				TARGETED_DEVICE_FAMILY = "1,2";
				TEST_TARGET_NAME = comprasUSA;
			};
			name = Debug;
		};
		68329E04282F32E700F628E4 /* Release */ = {
			isa = XCBuildConfiguration;
			buildSettings = {
				ALWAYS_EMBED_SWIFT_STANDARD_LIBRARIES = YES;
				CODE_SIGN_STYLE = Automatic;
				CURRENT_PROJECT_VERSION = 1;
				DEVELOPMENT_TEAM = 732277KLEB;
				GENERATE_INFOPLIST_FILE = YES;
				LD_RUNPATH_SEARCH_PATHS = (
					"$(inherited)",
					"@executable_path/Frameworks",
					"@loader_path/Frameworks",
				);
				MARKETING_VERSION = 1.0;
				PRODUCT_BUNDLE_IDENTIFIER = br.com.michellicristina.comprasUSAUITests;
				PRODUCT_NAME = "$(TARGET_NAME)";
				SWIFT_EMIT_LOC_STRINGS = NO;
				SWIFT_VERSION = 5.0;
				TARGETED_DEVICE_FAMILY = "1,2";
				TEST_TARGET_NAME = comprasUSA;
			};
			name = Release;
		};
/* End XCBuildConfiguration section */

/* Begin XCConfigurationList section */
		68329DCD282F32E600F628E4 /* Build configuration list for PBXProject "comprasUSA" */ = {
			isa = XCConfigurationList;
			buildConfigurations = (
				68329DFA282F32E700F628E4 /* Debug */,
				68329DFB282F32E700F628E4 /* Release */,
			);
			defaultConfigurationIsVisible = 0;
			defaultConfigurationName = Release;
		};
		68329DFC282F32E700F628E4 /* Build configuration list for PBXNativeTarget "comprasUSA" */ = {
			isa = XCConfigurationList;
			buildConfigurations = (
				68329DFD282F32E700F628E4 /* Debug */,
				68329DFE282F32E700F628E4 /* Release */,
			);
			defaultConfigurationIsVisible = 0;
			defaultConfigurationName = Release;
		};
		68329DFF282F32E700F628E4 /* Build configuration list for PBXNativeTarget "comprasUSATests" */ = {
			isa = XCConfigurationList;
			buildConfigurations = (
				68329E00282F32E700F628E4 /* Debug */,
				68329E01282F32E700F628E4 /* Release */,
			);
			defaultConfigurationIsVisible = 0;
			defaultConfigurationName = Release;
		};
		68329E02282F32E700F628E4 /* Build configuration list for PBXNativeTarget "comprasUSAUITests" */ = {
			isa = XCConfigurationList;
			buildConfigurations = (
				68329E03282F32E700F628E4 /* Debug */,
				68329E04282F32E700F628E4 /* Release */,
			);
			defaultConfigurationIsVisible = 0;
			defaultConfigurationName = Release;
		};
/* End XCConfigurationList section */
	};
	rootObject = 68329DCA282F32E600F628E4 /* Project object */;
}
